
Microsoft Visual Studio Solution File, Format Version 12.00
# Visual Studio Version 17
VisualStudioVersion = 17.13.35931.197 d17.13
MinimumVisualStudioVersion = 10.0.40219.1
Project("{FAE04EC0-301F-11D3-BF4B-00C04F79EFBC}") = "TravelExperienceCoreAPI", "TravelExperienceCoreAPI.csproj", "{AC684FDB-6930-423F-A7C3-6C57B5107436}"
EndProject
Global
	GlobalSection(SolutionConfigurationPlatforms) = preSolution
		Debug|Any CPU = Debug|Any CPU
		Release|Any CPU = Release|Any CPU
	EndGlobalSection
	GlobalSection(ProjectConfigurationPlatforms) = postSolution
		{AC684FDB-6930-423F-A7C3-6C57B5107436}.Debug|Any CPU.ActiveCfg = Debug|Any CPU
		{AC684FDB-6930-423F-A7C3-6C57B5107436}.Debug|Any CPU.Build.0 = Debug|Any CPU
		{AC684FDB-6930-423F-A7C3-6C57B5107436}.Release|Any CPU.ActiveCfg = Release|Any CPU
		{AC684FDB-6930-423F-A7C3-6C57B5107436}.Release|Any CPU.Build.0 = Release|Any CPU
	EndGlobalSection
	GlobalSection(SolutionProperties) = preSolution
		HideSolutionNode = FALSE
	EndGlobalSection
	GlobalSection(ExtensibilityGlobals) = postSolution
		SolutionGuid = {4F98CDE9-ED09-48F1-A732-E37E41D374FD}
	EndGlobalSection
EndGlobal
